
Microsoft Visual Studio Solution File, Format Version 12.00
# Visual Studio Version 16
VisualStudioVersion = 16.0.28803.202
MinimumVisualStudioVersion = 10.0.40219.1
Project("{FAE04EC0-301F-11D3-BF4B-00C04F79EFBC}") = "ZadanieNaProvrku_1", "ZadanieNaProvrku_1.csproj", "{D552ACA3-16D4-481B-B91C-6A60D5E04444}"
EndProject
Global
	GlobalSection(SolutionConfigurationPlatforms) = preSolution
		Debug|Any CPU = Debug|Any CPU
		Release|Any CPU = Release|Any CPU
	EndGlobalSection
	GlobalSection(ProjectConfigurationPlatforms) = postSolution
		{D552ACA3-16D4-481B-B91C-6A60D5E04444}.Debug|Any CPU.ActiveCfg = Debug|Any CPU
		{D552ACA3-16D4-481B-B91C-6A60D5E04444}.Debug|Any CPU.Build.0 = Debug|Any CPU
		{D552ACA3-16D4-481B-B91C-6A60D5E04444}.Release|Any CPU.ActiveCfg = Release|Any CPU
		{D552ACA3-16D4-481B-B91C-6A60D5E04444}.Release|Any CPU.Build.0 = Release|Any CPU
	EndGlobalSection
	GlobalSection(SolutionProperties) = preSolution
		HideSolutionNode = FALSE
	EndGlobalSection
	GlobalSection(ExtensibilityGlobals) = postSolution
		SolutionGuid = {BC3DB618-F40F-4380-B345-9A71EC0E4361}
	EndGlobalSection
EndGlobal
